
Microsoft Visual Studio Solution File, Format Version 12.00
# Visual Studio 2013
VisualStudioVersion = 12.0.31101.0
MinimumVisualStudioVersion = 10.0.40219.1
Project("{FAE04EC0-301F-11D3-BF4B-00C04F79EFBC}") = "BackandLogstashLogger", "BackandLogstashLogger\BackandLogstashLogger.csproj", "{CDD5AFA7-5683-432D-8498-300FC4DE1BAB}"
EndProject
Global
	GlobalSection(SolutionConfigurationPlatforms) = preSolution
		Debug|Any CPU = Debug|Any CPU
		Release|Any CPU = Release|Any CPU
	EndGlobalSection
	GlobalSection(ProjectConfigurationPlatforms) = postSolution
		{CDD5AFA7-5683-432D-8498-300FC4DE1BAB}.Debug|Any CPU.ActiveCfg = Debug|Any CPU
		{CDD5AFA7-5683-432D-8498-300FC4DE1BAB}.Debug|Any CPU.Build.0 = Debug|Any CPU
		{CDD5AFA7-5683-432D-8498-300FC4DE1BAB}.Release|Any CPU.ActiveCfg = Release|Any CPU
		{CDD5AFA7-5683-432D-8498-300FC4DE1BAB}.Release|Any CPU.Build.0 = Release|Any CPU
	EndGlobalSection
	GlobalSection(SolutionProperties) = preSolution
		HideSolutionNode = FALSE
	EndGlobalSection
EndGlobal
